PODS:
  - Alamofire (4.9.1)
  - Moya (13.0.1):
    - Moya/Core (= 13.0.1)
  - Moya/Core (13.0.1):
    - Alamofire (~> 4.1)
    - Result (~> 4.1)
  - Result (4.1.0)
  - Reusable (4.1.0):
    - Reusable/Storyboard (= 4.1.0)
    - Reusable/View (= 4.1.0)
  - Reusable/Storyboard (4.1.0)
  - Reusable/View (4.1.0)

DEPENDENCIES:
  - Moya (~> 13.0)
  - Reusable

SPEC REPOS:
  trunk:
    - Alamofire
    - Moya
    - Result
    - Reusable

SPEC CHECKSUMS:
  Alamofire: 85e8a02c69d6020a0d734f6054870d7ecb75cf18
  Moya: f4a4b80ff2f8a4ffc208dfb31cd91636622fee6e
  Result: bd966fac789cc6c1563440b348ab2598cc24d5c7
  Reusable: 82be188f29d96dc5eff0db7b2393bcc08d2cdd5b

PODFILE CHECKSUM: 0a96dfac7830e495431b0d1b88b6e1caf1953aaf

COCOAPODS: 1.8.3
